
Microsoft Visual Studio Solution File, Format Version 12.00
# Visual Studio 14
VisualStudioVersion = 14.0.25420.1
MinimumVisualStudioVersion = 10.0.40219.1
Project("{2150E333-8FDC-42A3-9474-1A3956D46DE8}") = "src", "src", "{B0AA1264-8296-441A-A262-D92496B21A90}"
EndProject
Project("{2150E333-8FDC-42A3-9474-1A3956D46DE8}") = "tests", "tests", "{0BA636FD-02EE-4789-81F1-94EBB427CEFC}"
EndProject
Project("{2150E333-8FDC-42A3-9474-1A3956D46DE8}") = "docs", "docs", "{3D15B616-2A9A-43C8-8BC9-6B5C0B89D4AC}"
EndProject
Project("{8BB2217D-0F2D-49D1-97BC-3654ED321F3B}") = "Kata1", "src\Kata1\Kata1.xproj", "{A02A9D49-7326-41AA-9693-873293EE4406}"
EndProject
Project("{8BB2217D-0F2D-49D1-97BC-3654ED321F3B}") = "Kata1.Tests", "tests\Kata1.Tests\Kata1.Tests.xproj", "{E8A45756-D4CA-47E5-A891-6C9226B295D3}"
EndProject
Global
	GlobalSection(SolutionConfigurationPlatforms) = preSolution
		Debug|Any CPU = Debug|Any CPU
		Release|Any CPU = Release|Any CPU
	EndGlobalSection
	GlobalSection(ProjectConfigurationPlatforms) = postSolution
		{A02A9D49-7326-41AA-9693-873293EE4406}.Debug|Any CPU.ActiveCfg = Debug|Any CPU
		{A02A9D49-7326-41AA-9693-873293EE4406}.Debug|Any CPU.Build.0 = Debug|Any CPU
		{A02A9D49-7326-41AA-9693-873293EE4406}.Release|Any CPU.ActiveCfg = Release|Any CPU
		{A02A9D49-7326-41AA-9693-873293EE4406}.Release|Any CPU.Build.0 = Release|Any CPU
		{E8A45756-D4CA-47E5-A891-6C9226B295D3}.Debug|Any CPU.ActiveCfg = Debug|Any CPU
		{E8A45756-D4CA-47E5-A891-6C9226B295D3}.Debug|Any CPU.Build.0 = Debug|Any CPU
		{E8A45756-D4CA-47E5-A891-6C9226B295D3}.Release|Any CPU.ActiveCfg = Release|Any CPU
		{E8A45756-D4CA-47E5-A891-6C9226B295D3}.Release|Any CPU.Build.0 = Release|Any CPU
	EndGlobalSection
	GlobalSection(SolutionProperties) = preSolution
		HideSolutionNode = FALSE
	EndGlobalSection
	GlobalSection(NestedProjects) = preSolution
		{A02A9D49-7326-41AA-9693-873293EE4406} = {B0AA1264-8296-441A-A262-D92496B21A90}
		{E8A45756-D4CA-47E5-A891-6C9226B295D3} = {0BA636FD-02EE-4789-81F1-94EBB427CEFC}
	EndGlobalSection
EndGlobal
